
Microsoft Visual Studio Solution File, Format Version 12.00
# Visual Studio Version 17
VisualStudioVersion = 17.0.31903.59
MinimumVisualStudioVersion = 10.0.40219.1
Project("{9A19103F-16F7-4668-BE54-9A1E7A4F7556}") = "ForumWebAPI", "ForumWebAPI\ForumWebAPI.csproj", "{18653151-614A-4051-A54C-CD3E72E8F7E0}"
EndProject
Project("{9A19103F-16F7-4668-BE54-9A1E7A4F7556}") = "ForumWebAPI.Test", "ForumWebAPI.Test\ForumWebAPI.Test.csproj", "{7E611FB2-D66D-4A3F-8B88-531DA2A31870}"
EndProject
Global
	GlobalSection(SolutionConfigurationPlatforms) = preSolution
		Debug|Any CPU = Debug|Any CPU
		Release|Any CPU = Release|Any CPU
	EndGlobalSection
	GlobalSection(ProjectConfigurationPlatforms) = postSolution
		{18653151-614A-4051-A54C-CD3E72E8F7E0}.Debug|Any CPU.ActiveCfg = Debug|Any CPU
		{18653151-614A-4051-A54C-CD3E72E8F7E0}.Debug|Any CPU.Build.0 = Debug|Any CPU
		{18653151-614A-4051-A54C-CD3E72E8F7E0}.Release|Any CPU.ActiveCfg = Release|Any CPU
		{18653151-614A-4051-A54C-CD3E72E8F7E0}.Release|Any CPU.Build.0 = Release|Any CPU
		{7E611FB2-D66D-4A3F-8B88-531DA2A31870}.Debug|Any CPU.ActiveCfg = Debug|Any CPU
		{7E611FB2-D66D-4A3F-8B88-531DA2A31870}.Debug|Any CPU.Build.0 = Debug|Any CPU
		{7E611FB2-D66D-4A3F-8B88-531DA2A31870}.Release|Any CPU.ActiveCfg = Release|Any CPU
		{7E611FB2-D66D-4A3F-8B88-531DA2A31870}.Release|Any CPU.Build.0 = Release|Any CPU
	EndGlobalSection
	GlobalSection(SolutionProperties) = preSolution
		HideSolutionNode = FALSE
	EndGlobalSection
	GlobalSection(ExtensibilityGlobals) = postSolution
		SolutionGuid = {6C50C8F6-C4B3-450B-A46B-D9EDC157649E}
	EndGlobalSection
EndGlobal
